
Microsoft Visual Studio Solution File, Format Version 12.00
# Visual Studio 15
VisualStudioVersion = 15.0.28307.106
MinimumVisualStudioVersion = 10.0.40219.1
Project("{FAE04EC0-301F-11D3-BF4B-00C04F79EFBC}") = "LogBook", "LogBook\LogBook.csproj", "{A1778283-3111-4A34-B20B-3187356D060B}"
EndProject
Global
	GlobalSection(SolutionConfigurationPlatforms) = preSolution
		Debug|Any CPU = Debug|Any CPU
		Release|Any CPU = Release|Any CPU
	EndGlobalSection
	GlobalSection(ProjectConfigurationPlatforms) = postSolution
		{A1778283-3111-4A34-B20B-3187356D060B}.Debug|Any CPU.ActiveCfg = Debug|Any CPU
		{A1778283-3111-4A34-B20B-3187356D060B}.Debug|Any CPU.Build.0 = Debug|Any CPU
		{A1778283-3111-4A34-B20B-3187356D060B}.Release|Any CPU.ActiveCfg = Release|Any CPU
		{A1778283-3111-4A34-B20B-3187356D060B}.Release|Any CPU.Build.0 = Release|Any CPU
	EndGlobalSection
	GlobalSection(SolutionProperties) = preSolution
		HideSolutionNode = FALSE
	EndGlobalSection
	GlobalSection(ExtensibilityGlobals) = postSolution
		SolutionGuid = {3707172E-6B94-492C-B6B1-2AB18A4DC2DD}
	EndGlobalSection
EndGlobal
